
Microsoft Visual Studio Solution File, Format Version 12.00
# Visual Studio Version 17
VisualStudioVersion = 17.3.32929.385
MinimumVisualStudioVersion = 10.0.40219.1
Project("{FAE04EC0-301F-11D3-BF4B-00C04F79EFBC}") = "SubTask.16.7.1", "SubTask.16.7.1\SubTask.16.7.1.csproj", "{60B34D27-FBD7-4C3D-9DBE-536FE5F07BAD}"
EndProject
Global
	GlobalSection(SolutionConfigurationPlatforms) = preSolution
		Debug|Any CPU = Debug|Any CPU
		Release|Any CPU = Release|Any CPU
	EndGlobalSection
	GlobalSection(ProjectConfigurationPlatforms) = postSolution
		{60B34D27-FBD7-4C3D-9DBE-536FE5F07BAD}.Debug|Any CPU.ActiveCfg = Debug|Any CPU
		{60B34D27-FBD7-4C3D-9DBE-536FE5F07BAD}.Debug|Any CPU.Build.0 = Debug|Any CPU
		{60B34D27-FBD7-4C3D-9DBE-536FE5F07BAD}.Release|Any CPU.ActiveCfg = Release|Any CPU
		{60B34D27-FBD7-4C3D-9DBE-536FE5F07BAD}.Release|Any CPU.Build.0 = Release|Any CPU
	EndGlobalSection
	GlobalSection(SolutionProperties) = preSolution
		HideSolutionNode = FALSE
	EndGlobalSection
	GlobalSection(ExtensibilityGlobals) = postSolution
		SolutionGuid = {5711C5D9-8565-440C-A15B-483D2C6E895D}
	EndGlobalSection
EndGlobal
